
Microsoft Visual Studio Solution File, Format Version 12.00
# Visual Studio Version 17
VisualStudioVersion = 17.0.31903.59
MinimumVisualStudioVersion = 10.0.40219.1
Project("{FAE04EC0-301F-11D3-BF4B-00C04F79EFBC}") = "CadastroAPI.Domain", "CadastroAPI.Domain\CadastroAPI.Domain.csproj", "{2B37EF11-DC32-4D8F-B5AE-5976C7325C63}"
EndProject
Project("{FAE04EC0-301F-11D3-BF4B-00C04F79EFBC}") = "CadastroAPI.Application", "CadastroAPI.Application\CadastroAPI.Application.csproj", "{B0E74DCF-25BE-4131-8CD9-54BB5E344403}"
EndProject
Project("{FAE04EC0-301F-11D3-BF4B-00C04F79EFBC}") = "CadastroAPI.Infrastructure", "CadastroAPI.Infrastructure\CadastroAPI.Infrastructure.csproj", "{55180868-8289-4E94-911C-5124402F43B5}"
EndProject
Project("{FAE04EC0-301F-11D3-BF4B-00C04F79EFBC}") = "CadastroAPI.API", "CadastroAPI.API\CadastroAPI.API.csproj", "{5B98FE66-908C-4437-8789-F9B382ABB889}"
EndProject
Global
	GlobalSection(SolutionConfigurationPlatforms) = preSolution
		Debug|Any CPU = Debug|Any CPU
		Debug|x64 = Debug|x64
		Debug|x86 = Debug|x86
		Release|Any CPU = Release|Any CPU
		Release|x64 = Release|x64
		Release|x86 = Release|x86
	EndGlobalSection
	GlobalSection(ProjectConfigurationPlatforms) = postSolution
		{2B37EF11-DC32-4D8F-B5AE-5976C7325C63}.Debug|Any CPU.ActiveCfg = Debug|Any CPU
		{2B37EF11-DC32-4D8F-B5AE-5976C7325C63}.Debug|Any CPU.Build.0 = Debug|Any CPU
		{2B37EF11-DC32-4D8F-B5AE-5976C7325C63}.Debug|x64.ActiveCfg = Debug|Any CPU
		{2B37EF11-DC32-4D8F-B5AE-5976C7325C63}.Debug|x64.Build.0 = Debug|Any CPU
		{2B37EF11-DC32-4D8F-B5AE-5976C7325C63}.Debug|x86.ActiveCfg = Debug|Any CPU
		{2B37EF11-DC32-4D8F-B5AE-5976C7325C63}.Debug|x86.Build.0 = Debug|Any CPU
		{2B37EF11-DC32-4D8F-B5AE-5976C7325C63}.Release|Any CPU.ActiveCfg = Release|Any CPU
		{2B37EF11-DC32-4D8F-B5AE-5976C7325C63}.Release|Any CPU.Build.0 = Release|Any CPU
		{2B37EF11-DC32-4D8F-B5AE-5976C7325C63}.Release|x64.ActiveCfg = Release|Any CPU
		{2B37EF11-DC32-4D8F-B5AE-5976C7325C63}.Release|x64.Build.0 = Release|Any CPU
		{2B37EF11-DC32-4D8F-B5AE-5976C7325C63}.Release|x86.ActiveCfg = Release|Any CPU
		{2B37EF11-DC32-4D8F-B5AE-5976C7325C63}.Release|x86.Build.0 = Release|Any CPU
		{B0E74DCF-25BE-4131-8CD9-54BB5E344403}.Debug|Any CPU.ActiveCfg = Debug|Any CPU
		{B0E74DCF-25BE-4131-8CD9-54BB5E344403}.Debug|Any CPU.Build.0 = Debug|Any CPU
		{B0E74DCF-25BE-4131-8CD9-54BB5E344403}.Debug|x64.ActiveCfg = Debug|Any CPU
		{B0E74DCF-25BE-4131-8CD9-54BB5E344403}.Debug|x64.Build.0 = Debug|Any CPU
		{B0E74DCF-25BE-4131-8CD9-54BB5E344403}.Debug|x86.ActiveCfg = Debug|Any CPU
		{B0E74DCF-25BE-4131-8CD9-54BB5E344403}.Debug|x86.Build.0 = Debug|Any CPU
		{B0E74DCF-25BE-4131-8CD9-54BB5E344403}.Release|Any CPU.ActiveCfg = Release|Any CPU
		{B0E74DCF-25BE-4131-8CD9-54BB5E344403}.Release|Any CPU.Build.0 = Release|Any CPU
		{B0E74DCF-25BE-4131-8CD9-54BB5E344403}.Release|x64.ActiveCfg = Release|Any CPU
		{B0E74DCF-25BE-4131-8CD9-54BB5E344403}.Release|x64.Build.0 = Release|Any CPU
		{B0E74DCF-25BE-4131-8CD9-54BB5E344403}.Release|x86.ActiveCfg = Release|Any CPU
		{B0E74DCF-25BE-4131-8CD9-54BB5E344403}.Release|x86.Build.0 = Release|Any CPU
		{55180868-8289-4E94-911C-5124402F43B5}.Debug|Any CPU.ActiveCfg = Debug|Any CPU
		{55180868-8289-4E94-911C-5124402F43B5}.Debug|Any CPU.Build.0 = Debug|Any CPU
		{55180868-8289-4E94-911C-5124402F43B5}.Debug|x64.ActiveCfg = Debug|Any CPU
		{55180868-8289-4E94-911C-5124402F43B5}.Debug|x64.Build.0 = Debug|Any CPU
		{55180868-8289-4E94-911C-5124402F43B5}.Debug|x86.ActiveCfg = Debug|Any CPU
		{55180868-8289-4E94-911C-5124402F43B5}.Debug|x86.Build.0 = Debug|Any CPU
		{55180868-8289-4E94-911C-5124402F43B5}.Release|Any CPU.ActiveCfg = Release|Any CPU
		{55180868-8289-4E94-911C-5124402F43B5}.Release|Any CPU.Build.0 = Release|Any CPU
		{55180868-8289-4E94-911C-5124402F43B5}.Release|x64.ActiveCfg = Release|Any CPU
		{55180868-8289-4E94-911C-5124402F43B5}.Release|x64.Build.0 = Release|Any CPU
		{55180868-8289-4E94-911C-5124402F43B5}.Release|x86.ActiveCfg = Release|Any CPU
		{55180868-8289-4E94-911C-5124402F43B5}.Release|x86.Build.0 = Release|Any CPU
		{5B98FE66-908C-4437-8789-F9B382ABB889}.Debug|Any CPU.ActiveCfg = Debug|Any CPU
		{5B98FE66-908C-4437-8789-F9B382ABB889}.Debug|Any CPU.Build.0 = Debug|Any CPU
		{5B98FE66-908C-4437-8789-F9B382ABB889}.Debug|x64.ActiveCfg = Debug|Any CPU
		{5B98FE66-908C-4437-8789-F9B382ABB889}.Debug|x64.Build.0 = Debug|Any CPU
		{5B98FE66-908C-4437-8789-F9B382ABB889}.Debug|x86.ActiveCfg = Debug|Any CPU
		{5B98FE66-908C-4437-8789-F9B382ABB889}.Debug|x86.Build.0 = Debug|Any CPU
		{5B98FE66-908C-4437-8789-F9B382ABB889}.Release|Any CPU.ActiveCfg = Release|Any CPU
		{5B98FE66-908C-4437-8789-F9B382ABB889}.Release|Any CPU.Build.0 = Release|Any CPU
		{5B98FE66-908C-4437-8789-F9B382ABB889}.Release|x64.ActiveCfg = Release|Any CPU
		{5B98FE66-908C-4437-8789-F9B382ABB889}.Release|x64.Build.0 = Release|Any CPU
		{5B98FE66-908C-4437-8789-F9B382ABB889}.Release|x86.ActiveCfg = Release|Any CPU
		{5B98FE66-908C-4437-8789-F9B382ABB889}.Release|x86.Build.0 = Release|Any CPU
	EndGlobalSection
	GlobalSection(SolutionProperties) = preSolution
		HideSolutionNode = FALSE
	EndGlobalSection
EndGlobal
